
Microsoft Visual Studio Solution File, Format Version 12.00
# Visual Studio Version 17
VisualStudioVersion = 17.8.34330.188
MinimumVisualStudioVersion = 10.0.40219.1
Project("{2150E333-8FDC-42A3-9474-1A3956D46DE8}") = "src", "src", "{F997FF94-E784-4DE3-A0BF-E4C0E8F04495}"
EndProject
Project("{2150E333-8FDC-42A3-9474-1A3956D46DE8}") = "Core", "Core", "{ECF37648-34D1-4BDF-8101-AACACC9E4227}"
EndProject
Project("{FAE04EC0-301F-11D3-BF4B-00C04F79EFBC}") = "ProductApp.Domain", "src\Core\ProductApp.Domain\ProductApp.Domain.csproj", "{A36509C7-64B8-42D7-B0D7-75D88845FB81}"
EndProject
Project("{FAE04EC0-301F-11D3-BF4B-00C04F79EFBC}") = "ProductApp.Application", "src\Core\ProductApp.Application\ProductApp.Application.csproj", "{3AAB370E-4F5F-41EA-8FAB-D27B24174107}"
EndProject
Project("{FAE04EC0-301F-11D3-BF4B-00C04F79EFBC}") = "ProductApp.Persistence", "src\Core\ProductApp.Persistance\ProductApp.Persistence.csproj", "{5A61512E-2F45-4717-9842-F0EAD367EE42}"
EndProject
Project("{2150E333-8FDC-42A3-9474-1A3956D46DE8}") = "Infrastructure", "Infrastructure", "{7B310CD4-2AFC-47F3-9A70-42F1DA294FAF}"
EndProject
Project("{2150E333-8FDC-42A3-9474-1A3956D46DE8}") = "WebApi", "WebApi", "{B67370EC-11A0-4121-9F9F-E98744280AEE}"
EndProject
Project("{FAE04EC0-301F-11D3-BF4B-00C04F79EFBC}") = "ProductApp.WebApi", "src\WebApi\ProductApp.WebApi\ProductApp.WebApi.csproj", "{6A079E95-85E6-4BDA-A3B8-A6568C971C35}"
EndProject
Global
	GlobalSection(SolutionConfigurationPlatforms) = preSolution
		Debug|Any CPU = Debug|Any CPU
		Release|Any CPU = Release|Any CPU
	EndGlobalSection
	GlobalSection(ProjectConfigurationPlatforms) = postSolution
		{A36509C7-64B8-42D7-B0D7-75D88845FB81}.Debug|Any CPU.ActiveCfg = Debug|Any CPU
		{A36509C7-64B8-42D7-B0D7-75D88845FB81}.Debug|Any CPU.Build.0 = Debug|Any CPU
		{A36509C7-64B8-42D7-B0D7-75D88845FB81}.Release|Any CPU.ActiveCfg = Release|Any CPU
		{A36509C7-64B8-42D7-B0D7-75D88845FB81}.Release|Any CPU.Build.0 = Release|Any CPU
		{3AAB370E-4F5F-41EA-8FAB-D27B24174107}.Debug|Any CPU.ActiveCfg = Debug|Any CPU
		{3AAB370E-4F5F-41EA-8FAB-D27B24174107}.Debug|Any CPU.Build.0 = Debug|Any CPU
		{3AAB370E-4F5F-41EA-8FAB-D27B24174107}.Release|Any CPU.ActiveCfg = Release|Any CPU
		{3AAB370E-4F5F-41EA-8FAB-D27B24174107}.Release|Any CPU.Build.0 = Release|Any CPU
		{5A61512E-2F45-4717-9842-F0EAD367EE42}.Debug|Any CPU.ActiveCfg = Debug|Any CPU
		{5A61512E-2F45-4717-9842-F0EAD367EE42}.Debug|Any CPU.Build.0 = Debug|Any CPU
		{5A61512E-2F45-4717-9842-F0EAD367EE42}.Release|Any CPU.ActiveCfg = Release|Any CPU
		{5A61512E-2F45-4717-9842-F0EAD367EE42}.Release|Any CPU.Build.0 = Release|Any CPU
		{6A079E95-85E6-4BDA-A3B8-A6568C971C35}.Debug|Any CPU.ActiveCfg = Debug|Any CPU
		{6A079E95-85E6-4BDA-A3B8-A6568C971C35}.Debug|Any CPU.Build.0 = Debug|Any CPU
		{6A079E95-85E6-4BDA-A3B8-A6568C971C35}.Release|Any CPU.ActiveCfg = Release|Any CPU
		{6A079E95-85E6-4BDA-A3B8-A6568C971C35}.Release|Any CPU.Build.0 = Release|Any CPU
	EndGlobalSection
	GlobalSection(SolutionProperties) = preSolution
		HideSolutionNode = FALSE
	EndGlobalSection
	GlobalSection(NestedProjects) = preSolution
		{ECF37648-34D1-4BDF-8101-AACACC9E4227} = {F997FF94-E784-4DE3-A0BF-E4C0E8F04495}
		{A36509C7-64B8-42D7-B0D7-75D88845FB81} = {ECF37648-34D1-4BDF-8101-AACACC9E4227}
		{3AAB370E-4F5F-41EA-8FAB-D27B24174107} = {ECF37648-34D1-4BDF-8101-AACACC9E4227}
		{5A61512E-2F45-4717-9842-F0EAD367EE42} = {7B310CD4-2AFC-47F3-9A70-42F1DA294FAF}
		{7B310CD4-2AFC-47F3-9A70-42F1DA294FAF} = {F997FF94-E784-4DE3-A0BF-E4C0E8F04495}
		{B67370EC-11A0-4121-9F9F-E98744280AEE} = {F997FF94-E784-4DE3-A0BF-E4C0E8F04495}
		{6A079E95-85E6-4BDA-A3B8-A6568C971C35} = {B67370EC-11A0-4121-9F9F-E98744280AEE}
	EndGlobalSection
	GlobalSection(ExtensibilityGlobals) = postSolution
		SolutionGuid = {962BCCB8-0515-4CD6-AAF4-2B829773B7A6}
	EndGlobalSection
EndGlobal
